
Microsoft Visual Studio Solution File, Format Version 12.00
# Visual Studio Version 17
VisualStudioVersion = 17.4.33403.182
MinimumVisualStudioVersion = 10.0.40219.1
Project("{9A19103F-16F7-4668-BE54-9A1E7A4F7556}") = "TesteLambdaMysql", "TesteLambdaMysql.csproj", "{FA0D6482-B08B-4C04-A4FF-8352E694063D}"
EndProject
Global
	GlobalSection(SolutionConfigurationPlatforms) = preSolution
		Debug|Any CPU = Debug|Any CPU
		Release|Any CPU = Release|Any CPU
	EndGlobalSection
	GlobalSection(ProjectConfigurationPlatforms) = postSolution
		{FA0D6482-B08B-4C04-A4FF-8352E694063D}.Debug|Any CPU.ActiveCfg = Debug|Any CPU
		{FA0D6482-B08B-4C04-A4FF-8352E694063D}.Debug|Any CPU.Build.0 = Debug|Any CPU
		{FA0D6482-B08B-4C04-A4FF-8352E694063D}.Release|Any CPU.ActiveCfg = Release|Any CPU
		{FA0D6482-B08B-4C04-A4FF-8352E694063D}.Release|Any CPU.Build.0 = Release|Any CPU
	EndGlobalSection
	GlobalSection(SolutionProperties) = preSolution
		HideSolutionNode = FALSE
	EndGlobalSection
	GlobalSection(ExtensibilityGlobals) = postSolution
		SolutionGuid = {2B46D169-4192-4242-AF8B-D210F2ACE45E}
	EndGlobalSection
EndGlobal
